# THIS IS AN AUTOGENERATED FILE. DO NOT EDIT THIS FILE DIRECTLY.
# yarn lockfile v1


"@types/node@^18.11.3":
  "integrity" "sha512-fNjDQzzOsZeKZu5NATgXUPsaFaTxeRgFXoosrHivTl8RGeV733OLawXsGfEk9a8/tySyZUyiZ6E8LcjPFZ2y1A=="
  "resolved" "https://registry.npmjs.org/@types/node/-/node-18.11.3.tgz"
  "version" "18.11.3"

"moment@^2.29.1":
  "integrity" "sha1-sr52n6MZQL6e7qZGnAdeNQBvo9M="
  "resolved" "http://192.168.10.162:8081/nexus/content/groups/npm-all/moment/-/moment-2.29.1.tgz"
  "version" "2.29.1"

"typescript@^4.8.4":
  "integrity" "sha512-QCh+85mCy+h0IGff8r5XWzOVSbBO+KfeYrMQh7NJ58QujwcE22u+NUSmUxqF+un70P9GXKxa2HCNiTTMJknyjQ=="
  "resolved" "https://registry.npmjs.org/typescript/-/typescript-4.8.4.tgz"
  "version" "4.8.4"
